
Microsoft Visual Studio Solution File, Format Version 12.00
# Visual Studio 15
Project("{FAE04EC0-301F-11D3-BF4B-00C04F79EFBC}") = "UnityEditor.UI", "UnityEditor.UI.csproj", "{C2EFE357-984B-725E-FB14-A6DBC2B96797}"
EndProject
Project("{FAE04EC0-301F-11D3-BF4B-00C04F79EFBC}") = "UnityEngine.UI", "UnityEngine.UI.csproj", "{D378AE5F-35CE-2CD5-EED8-3C6F28699890}"
EndProject
Project("{FAE04EC0-301F-11D3-BF4B-00C04F79EFBC}") = "UniWebView-CSharp", "UniWebView-CSharp.csproj", "{DCD14222-F247-B50C-1BCB-E6CF4E550971}"
EndProject
Project("{FAE04EC0-301F-11D3-BF4B-00C04F79EFBC}") = "UniWebView-CSharp.Editor", "UniWebView-CSharp.Editor.csproj", "{DBEA2750-9688-B161-1C47-59B76EFB8456}"
EndProject
Project("{FAE04EC0-301F-11D3-BF4B-00C04F79EFBC}") = "UnityEngine.UI", "UnityEngine.UI.Player.csproj", "{22B166B2-69BA-A278-EDA0-F9527112246C}"
EndProject
Project("{FAE04EC0-301F-11D3-BF4B-00C04F79EFBC}") = "UniWebView-CSharp", "UniWebView-CSharp.Player.csproj", "{765ABA79-010F-3531-9918-B630EDF6A3D7}"
EndProject
Global
	GlobalSection(SolutionConfigurationPlatforms) = preSolution
		Debug|Any CPU = Debug|Any CPU
		Release|Any CPU = Release|Any CPU
	EndGlobalSection
	GlobalSection(ProjectConfigurationPlatforms) = postSolution
		{C2EFE357-984B-725E-FB14-A6DBC2B96797}.Debug|Any CPU.ActiveCfg = Debug|Any CPU
		{C2EFE357-984B-725E-FB14-A6DBC2B96797}.Debug|Any CPU.Build.0 = Debug|Any CPU
		{C2EFE357-984B-725E-FB14-A6DBC2B96797}.Release|Any CPU.ActiveCfg = Release|Any CPU
		{C2EFE357-984B-725E-FB14-A6DBC2B96797}.Release|Any CPU.Build.0 = Release|Any CPU
		{D378AE5F-35CE-2CD5-EED8-3C6F28699890}.Debug|Any CPU.ActiveCfg = Debug|Any CPU
		{D378AE5F-35CE-2CD5-EED8-3C6F28699890}.Debug|Any CPU.Build.0 = Debug|Any CPU
		{D378AE5F-35CE-2CD5-EED8-3C6F28699890}.Release|Any CPU.ActiveCfg = Release|Any CPU
		{D378AE5F-35CE-2CD5-EED8-3C6F28699890}.Release|Any CPU.Build.0 = Release|Any CPU
		{DCD14222-F247-B50C-1BCB-E6CF4E550971}.Debug|Any CPU.ActiveCfg = Debug|Any CPU
		{DCD14222-F247-B50C-1BCB-E6CF4E550971}.Debug|Any CPU.Build.0 = Debug|Any CPU
		{DCD14222-F247-B50C-1BCB-E6CF4E550971}.Release|Any CPU.ActiveCfg = Release|Any CPU
		{DCD14222-F247-B50C-1BCB-E6CF4E550971}.Release|Any CPU.Build.0 = Release|Any CPU
		{DBEA2750-9688-B161-1C47-59B76EFB8456}.Debug|Any CPU.ActiveCfg = Debug|Any CPU
		{DBEA2750-9688-B161-1C47-59B76EFB8456}.Debug|Any CPU.Build.0 = Debug|Any CPU
		{DBEA2750-9688-B161-1C47-59B76EFB8456}.Release|Any CPU.ActiveCfg = Release|Any CPU
		{DBEA2750-9688-B161-1C47-59B76EFB8456}.Release|Any CPU.Build.0 = Release|Any CPU
		{22B166B2-69BA-A278-EDA0-F9527112246C}.Debug|Any CPU.ActiveCfg = Debug|Any CPU
		{22B166B2-69BA-A278-EDA0-F9527112246C}.Debug|Any CPU.Build.0 = Debug|Any CPU
		{22B166B2-69BA-A278-EDA0-F9527112246C}.Release|Any CPU.ActiveCfg = Release|Any CPU
		{22B166B2-69BA-A278-EDA0-F9527112246C}.Release|Any CPU.Build.0 = Release|Any CPU
		{765ABA79-010F-3531-9918-B630EDF6A3D7}.Debug|Any CPU.ActiveCfg = Debug|Any CPU
		{765ABA79-010F-3531-9918-B630EDF6A3D7}.Debug|Any CPU.Build.0 = Debug|Any CPU
		{765ABA79-010F-3531-9918-B630EDF6A3D7}.Release|Any CPU.ActiveCfg = Release|Any CPU
		{765ABA79-010F-3531-9918-B630EDF6A3D7}.Release|Any CPU.Build.0 = Release|Any CPU
	EndGlobalSection
	GlobalSection(SolutionProperties) = preSolution
		HideSolutionNode = FALSE
	EndGlobalSection
EndGlobal
